
Microsoft Visual Studio Solution File, Format Version 12.00
# Visual Studio 15
VisualStudioVersion = 15.0.27130.2027
MinimumVisualStudioVersion = 10.0.40219.1
Project("{FAE04EC0-301F-11D3-BF4B-00C04F79EFBC}") = "Kinopoisk.Test", "Kinopoisk.Test\Kinopoisk.Test.csproj", "{977703A3-AB95-42BA-870C-41B34FB0536D}"
EndProject
Project("{FAE04EC0-301F-11D3-BF4B-00C04F79EFBC}") = "Kinopoisk.TestFramework", "Kinopoisk.TestFramework\Kinopoisk.TestFramework.csproj", "{E56552A3-44A5-495B-9381-B1F16DAF25E2}"
EndProject
Global
	GlobalSection(SolutionConfigurationPlatforms) = preSolution
		Debug|Any CPU = Debug|Any CPU
		Release|Any CPU = Release|Any CPU
	EndGlobalSection
	GlobalSection(ProjectConfigurationPlatforms) = postSolution
		{977703A3-AB95-42BA-870C-41B34FB0536D}.Debug|Any CPU.ActiveCfg = Debug|Any CPU
		{977703A3-AB95-42BA-870C-41B34FB0536D}.Debug|Any CPU.Build.0 = Debug|Any CPU
		{977703A3-AB95-42BA-870C-41B34FB0536D}.Release|Any CPU.ActiveCfg = Release|Any CPU
		{977703A3-AB95-42BA-870C-41B34FB0536D}.Release|Any CPU.Build.0 = Release|Any CPU
		{E56552A3-44A5-495B-9381-B1F16DAF25E2}.Debug|Any CPU.ActiveCfg = Debug|Any CPU
		{E56552A3-44A5-495B-9381-B1F16DAF25E2}.Debug|Any CPU.Build.0 = Debug|Any CPU
		{E56552A3-44A5-495B-9381-B1F16DAF25E2}.Release|Any CPU.ActiveCfg = Release|Any CPU
		{E56552A3-44A5-495B-9381-B1F16DAF25E2}.Release|Any CPU.Build.0 = Release|Any CPU
	EndGlobalSection
	GlobalSection(SolutionProperties) = preSolution
		HideSolutionNode = FALSE
	EndGlobalSection
	GlobalSection(ExtensibilityGlobals) = postSolution
		SolutionGuid = {8392E580-10B4-4F1D-8FB5-B14CEAF7B890}
	EndGlobalSection
EndGlobal
